
Microsoft Visual Studio Solution File, Format Version 12.00
# Visual Studio Version 16
VisualStudioVersion = 16.0.29920.165
MinimumVisualStudioVersion = 10.0.40219.1
Project("{FAE04EC0-301F-11D3-BF4B-00C04F79EFBC}") = "Inheritance.Poleomorphism", "Inheritance.Poleomorphism\Inheritance.Poleomorphism.csproj", "{80C846C0-8244-4E87-B4E2-F17BC4A183BF}"
EndProject
Global
	GlobalSection(SolutionConfigurationPlatforms) = preSolution
		Debug|Any CPU = Debug|Any CPU
		Release|Any CPU = Release|Any CPU
	EndGlobalSection
	GlobalSection(ProjectConfigurationPlatforms) = postSolution
		{80C846C0-8244-4E87-B4E2-F17BC4A183BF}.Debug|Any CPU.ActiveCfg = Debug|Any CPU
		{80C846C0-8244-4E87-B4E2-F17BC4A183BF}.Debug|Any CPU.Build.0 = Debug|Any CPU
		{80C846C0-8244-4E87-B4E2-F17BC4A183BF}.Release|Any CPU.ActiveCfg = Release|Any CPU
		{80C846C0-8244-4E87-B4E2-F17BC4A183BF}.Release|Any CPU.Build.0 = Release|Any CPU
	EndGlobalSection
	GlobalSection(SolutionProperties) = preSolution
		HideSolutionNode = FALSE
	EndGlobalSection
	GlobalSection(ExtensibilityGlobals) = postSolution
		SolutionGuid = {4ACF53D1-68ED-497A-9EE0-0579DC6388FD}
	EndGlobalSection
EndGlobal
